
Microsoft Visual Studio Solution File, Format Version 12.00
# Visual Studio Version 17
VisualStudioVersion = 17.0.31912.275
MinimumVisualStudioVersion = 10.0.40219.1
Project("{9A19103F-16F7-4668-BE54-9A1E7A4F7556}") = "MongoDBRepository", "MongoDBRepository\MongoDBRepository.csproj", "{03F1D95E-A58C-47D1-8105-8AB3057BEAC3}"
EndProject
Project("{9A19103F-16F7-4668-BE54-9A1E7A4F7556}") = "MongoDBRepository.IntegrationTests", "MongoDBRepository.IntegrationTests\MongoDBRepository.IntegrationTests.csproj", "{2A91C17F-1AFE-4A2D-A674-3A306121C310}"
EndProject
Global
	GlobalSection(SolutionConfigurationPlatforms) = preSolution
		Debug|Any CPU = Debug|Any CPU
		Debug|x64 = Debug|x64
		Release|Any CPU = Release|Any CPU
		Release|x64 = Release|x64
	EndGlobalSection
	GlobalSection(ProjectConfigurationPlatforms) = postSolution
		{03F1D95E-A58C-47D1-8105-8AB3057BEAC3}.Debug|Any CPU.ActiveCfg = Debug|Any CPU
		{03F1D95E-A58C-47D1-8105-8AB3057BEAC3}.Debug|Any CPU.Build.0 = Debug|Any CPU
		{03F1D95E-A58C-47D1-8105-8AB3057BEAC3}.Debug|x64.ActiveCfg = Debug|x64
		{03F1D95E-A58C-47D1-8105-8AB3057BEAC3}.Debug|x64.Build.0 = Debug|x64
		{03F1D95E-A58C-47D1-8105-8AB3057BEAC3}.Release|Any CPU.ActiveCfg = Release|Any CPU
		{03F1D95E-A58C-47D1-8105-8AB3057BEAC3}.Release|Any CPU.Build.0 = Release|Any CPU
		{03F1D95E-A58C-47D1-8105-8AB3057BEAC3}.Release|x64.ActiveCfg = Release|x64
		{03F1D95E-A58C-47D1-8105-8AB3057BEAC3}.Release|x64.Build.0 = Release|x64
		{2A91C17F-1AFE-4A2D-A674-3A306121C310}.Debug|Any CPU.ActiveCfg = Debug|Any CPU
		{2A91C17F-1AFE-4A2D-A674-3A306121C310}.Debug|Any CPU.Build.0 = Debug|Any CPU
		{2A91C17F-1AFE-4A2D-A674-3A306121C310}.Debug|x64.ActiveCfg = Debug|x64
		{2A91C17F-1AFE-4A2D-A674-3A306121C310}.Debug|x64.Build.0 = Debug|x64
		{2A91C17F-1AFE-4A2D-A674-3A306121C310}.Release|Any CPU.ActiveCfg = Release|Any CPU
		{2A91C17F-1AFE-4A2D-A674-3A306121C310}.Release|Any CPU.Build.0 = Release|Any CPU
		{2A91C17F-1AFE-4A2D-A674-3A306121C310}.Release|x64.ActiveCfg = Release|x64
		{2A91C17F-1AFE-4A2D-A674-3A306121C310}.Release|x64.Build.0 = Release|x64
	EndGlobalSection
	GlobalSection(SolutionProperties) = preSolution
		HideSolutionNode = FALSE
	EndGlobalSection
	GlobalSection(ExtensibilityGlobals) = postSolution
		SolutionGuid = {296603C4-6AFF-45E8-987C-37D9A839A8EF}
	EndGlobalSection
EndGlobal
